
Microsoft Visual Studio Solution File, Format Version 12.00
# Visual Studio Version 16
VisualStudioVersion = 16.0.31624.102
MinimumVisualStudioVersion = 10.0.40219.1
Project("{FAE04EC0-301F-11D3-BF4B-00C04F79EFBC}") = "HotelManager", "HotelManager.csproj", "{CBE0E16A-92ED-4D3D-B245-DA9B18645BAE}"
EndProject
Global
	GlobalSection(SolutionConfigurationPlatforms) = preSolution
		Debug|Any CPU = Debug|Any CPU
		Release|Any CPU = Release|Any CPU
	EndGlobalSection
	GlobalSection(ProjectConfigurationPlatforms) = postSolution
		{CBE0E16A-92ED-4D3D-B245-DA9B18645BAE}.Debug|Any CPU.ActiveCfg = Debug|Any CPU
		{CBE0E16A-92ED-4D3D-B245-DA9B18645BAE}.Debug|Any CPU.Build.0 = Debug|Any CPU
		{CBE0E16A-92ED-4D3D-B245-DA9B18645BAE}.Release|Any CPU.ActiveCfg = Release|Any CPU
		{CBE0E16A-92ED-4D3D-B245-DA9B18645BAE}.Release|Any CPU.Build.0 = Release|Any CPU
	EndGlobalSection
	GlobalSection(SolutionProperties) = preSolution
		HideSolutionNode = FALSE
	EndGlobalSection
	GlobalSection(ExtensibilityGlobals) = postSolution
		SolutionGuid = {63D0AF1C-D7C3-4665-B95D-7BBF7AAE3246}
	EndGlobalSection
EndGlobal
